
Microsoft Visual Studio Solution File, Format Version 12.00
# Visual Studio Version 17
VisualStudioVersion = 17.1.32210.238
MinimumVisualStudioVersion = 10.0.40219.1
Project("{FAE04EC0-301F-11D3-BF4B-00C04F79EFBC}") = "Factorial_Using_WhileLoop", "Factorial_Using_WhileLoop\Factorial_Using_WhileLoop.csproj", "{4E0E8AF8-0415-4003-9C81-7E0DE5116879}"
EndProject
Global
	GlobalSection(SolutionConfigurationPlatforms) = preSolution
		Debug|Any CPU = Debug|Any CPU
		Release|Any CPU = Release|Any CPU
	EndGlobalSection
	GlobalSection(ProjectConfigurationPlatforms) = postSolution
		{4E0E8AF8-0415-4003-9C81-7E0DE5116879}.Debug|Any CPU.ActiveCfg = Debug|Any CPU
		{4E0E8AF8-0415-4003-9C81-7E0DE5116879}.Debug|Any CPU.Build.0 = Debug|Any CPU
		{4E0E8AF8-0415-4003-9C81-7E0DE5116879}.Release|Any CPU.ActiveCfg = Release|Any CPU
		{4E0E8AF8-0415-4003-9C81-7E0DE5116879}.Release|Any CPU.Build.0 = Release|Any CPU
	EndGlobalSection
	GlobalSection(SolutionProperties) = preSolution
		HideSolutionNode = FALSE
	EndGlobalSection
	GlobalSection(ExtensibilityGlobals) = postSolution
		SolutionGuid = {1BCF2592-64B3-4A89-9D78-F0A0B27099B4}
	EndGlobalSection
EndGlobal
