
Microsoft Visual Studio Solution File, Format Version 12.00
# Visual Studio Version 17
VisualStudioVersion = 17.1.32210.238
MinimumVisualStudioVersion = 10.0.40219.1
Project("{FAE04EC0-301F-11D3-BF4B-00C04F79EFBC}") = "PassingArrayAsArgs", "PassingArrayAsArgs\PassingArrayAsArgs.csproj", "{156EDCB6-5362-4B90-BA28-5A67B7BAAC56}"
EndProject
Global
	GlobalSection(SolutionConfigurationPlatforms) = preSolution
		Debug|Any CPU = Debug|Any CPU
		Release|Any CPU = Release|Any CPU
	EndGlobalSection
	GlobalSection(ProjectConfigurationPlatforms) = postSolution
		{156EDCB6-5362-4B90-BA28-5A67B7BAAC56}.Debug|Any CPU.ActiveCfg = Debug|Any CPU
		{156EDCB6-5362-4B90-BA28-5A67B7BAAC56}.Debug|Any CPU.Build.0 = Debug|Any CPU
		{156EDCB6-5362-4B90-BA28-5A67B7BAAC56}.Release|Any CPU.ActiveCfg = Release|Any CPU
		{156EDCB6-5362-4B90-BA28-5A67B7BAAC56}.Release|Any CPU.Build.0 = Release|Any CPU
	EndGlobalSection
	GlobalSection(SolutionProperties) = preSolution
		HideSolutionNode = FALSE
	EndGlobalSection
	GlobalSection(ExtensibilityGlobals) = postSolution
		SolutionGuid = {B1D09BFB-7039-4F72-8F52-65578FE99B03}
	EndGlobalSection
EndGlobal
