
Microsoft Visual Studio Solution File, Format Version 12.00
# Visual Studio Version 17
VisualStudioVersion = 17.1.32210.238
MinimumVisualStudioVersion = 10.0.40219.1
Project("{FAE04EC0-301F-11D3-BF4B-00C04F79EFBC}") = "LINQ_ToRemoveDuplicateChar", "LINQ_ToRemoveDuplicateChar\LINQ_ToRemoveDuplicateChar.csproj", "{99983B32-8938-4898-8F33-B024DD922A0E}"
EndProject
Global
	GlobalSection(SolutionConfigurationPlatforms) = preSolution
		Debug|Any CPU = Debug|Any CPU
		Release|Any CPU = Release|Any CPU
	EndGlobalSection
	GlobalSection(ProjectConfigurationPlatforms) = postSolution
		{99983B32-8938-4898-8F33-B024DD922A0E}.Debug|Any CPU.ActiveCfg = Debug|Any CPU
		{99983B32-8938-4898-8F33-B024DD922A0E}.Debug|Any CPU.Build.0 = Debug|Any CPU
		{99983B32-8938-4898-8F33-B024DD922A0E}.Release|Any CPU.ActiveCfg = Release|Any CPU
		{99983B32-8938-4898-8F33-B024DD922A0E}.Release|Any CPU.Build.0 = Release|Any CPU
	EndGlobalSection
	GlobalSection(SolutionProperties) = preSolution
		HideSolutionNode = FALSE
	EndGlobalSection
	GlobalSection(ExtensibilityGlobals) = postSolution
		SolutionGuid = {85FBB26A-D026-404D-9549-3139CD992D33}
	EndGlobalSection
EndGlobal
