
Microsoft Visual Studio Solution File, Format Version 12.00
# Visual Studio Version 17
VisualStudioVersion = 17.1.32210.238
MinimumVisualStudioVersion = 10.0.40219.1
Project("{FAE04EC0-301F-11D3-BF4B-00C04F79EFBC}") = "PrimeNumber_Between_A_RangeOfNumbers", "PrimeNumber_Between_A_RangeOfNumbers\PrimeNumber_Between_A_RangeOfNumbers.csproj", "{A6C2971F-BECB-4D42-B4ED-B810AB8A5CE7}"
EndProject
Global
	GlobalSection(SolutionConfigurationPlatforms) = preSolution
		Debug|Any CPU = Debug|Any CPU
		Release|Any CPU = Release|Any CPU
	EndGlobalSection
	GlobalSection(ProjectConfigurationPlatforms) = postSolution
		{A6C2971F-BECB-4D42-B4ED-B810AB8A5CE7}.Debug|Any CPU.ActiveCfg = Debug|Any CPU
		{A6C2971F-BECB-4D42-B4ED-B810AB8A5CE7}.Debug|Any CPU.Build.0 = Debug|Any CPU
		{A6C2971F-BECB-4D42-B4ED-B810AB8A5CE7}.Release|Any CPU.ActiveCfg = Release|Any CPU
		{A6C2971F-BECB-4D42-B4ED-B810AB8A5CE7}.Release|Any CPU.Build.0 = Release|Any CPU
	EndGlobalSection
	GlobalSection(SolutionProperties) = preSolution
		HideSolutionNode = FALSE
	EndGlobalSection
	GlobalSection(ExtensibilityGlobals) = postSolution
		SolutionGuid = {9A0FD255-500D-470E-BDD2-79596EBB193E}
	EndGlobalSection
EndGlobal
