
Microsoft Visual Studio Solution File, Format Version 12.00
# Visual Studio Version 17
VisualStudioVersion = 17.1.32210.238
MinimumVisualStudioVersion = 10.0.40219.1
Project("{FAE04EC0-301F-11D3-BF4B-00C04F79EFBC}") = "ArrayProperties", "ArrayProperties\ArrayProperties.csproj", "{BFE3CF76-BFF5-4524-AC13-205321E51ED2}"
EndProject
Global
	GlobalSection(SolutionConfigurationPlatforms) = preSolution
		Debug|Any CPU = Debug|Any CPU
		Release|Any CPU = Release|Any CPU
	EndGlobalSection
	GlobalSection(ProjectConfigurationPlatforms) = postSolution
		{BFE3CF76-BFF5-4524-AC13-205321E51ED2}.Debug|Any CPU.ActiveCfg = Debug|Any CPU
		{BFE3CF76-BFF5-4524-AC13-205321E51ED2}.Debug|Any CPU.Build.0 = Debug|Any CPU
		{BFE3CF76-BFF5-4524-AC13-205321E51ED2}.Release|Any CPU.ActiveCfg = Release|Any CPU
		{BFE3CF76-BFF5-4524-AC13-205321E51ED2}.Release|Any CPU.Build.0 = Release|Any CPU
	EndGlobalSection
	GlobalSection(SolutionProperties) = preSolution
		HideSolutionNode = FALSE
	EndGlobalSection
	GlobalSection(ExtensibilityGlobals) = postSolution
		SolutionGuid = {067E0563-882D-4B8D-B4F4-73C65475D0E6}
	EndGlobalSection
EndGlobal
