
Microsoft Visual Studio Solution File, Format Version 12.00
# Visual Studio Version 17
VisualStudioVersion = 17.1.32210.238
MinimumVisualStudioVersion = 10.0.40219.1
Project("{FAE04EC0-301F-11D3-BF4B-00C04F79EFBC}") = "BinaryToDecimal", "BinaryToDecimal\BinaryToDecimal.csproj", "{971B1097-5EB7-43AB-8E41-BE02DAD1A101}"
EndProject
Global
	GlobalSection(SolutionConfigurationPlatforms) = preSolution
		Debug|Any CPU = Debug|Any CPU
		Release|Any CPU = Release|Any CPU
	EndGlobalSection
	GlobalSection(ProjectConfigurationPlatforms) = postSolution
		{971B1097-5EB7-43AB-8E41-BE02DAD1A101}.Debug|Any CPU.ActiveCfg = Debug|Any CPU
		{971B1097-5EB7-43AB-8E41-BE02DAD1A101}.Debug|Any CPU.Build.0 = Debug|Any CPU
		{971B1097-5EB7-43AB-8E41-BE02DAD1A101}.Release|Any CPU.ActiveCfg = Release|Any CPU
		{971B1097-5EB7-43AB-8E41-BE02DAD1A101}.Release|Any CPU.Build.0 = Release|Any CPU
	EndGlobalSection
	GlobalSection(SolutionProperties) = preSolution
		HideSolutionNode = FALSE
	EndGlobalSection
	GlobalSection(ExtensibilityGlobals) = postSolution
		SolutionGuid = {6C33A983-5901-4A99-983C-DE62454C859F}
	EndGlobalSection
EndGlobal
