
Microsoft Visual Studio Solution File, Format Version 12.00
# Visual Studio Version 17
VisualStudioVersion = 17.1.32210.238
MinimumVisualStudioVersion = 10.0.40219.1
Project("{FAE04EC0-301F-11D3-BF4B-00C04F79EFBC}") = "ArrayDemo3", "ArrayDemo3\ArrayDemo3.csproj", "{C1FBD537-77B1-49A2-BDE5-84732B224D85}"
EndProject
Global
	GlobalSection(SolutionConfigurationPlatforms) = preSolution
		Debug|Any CPU = Debug|Any CPU
		Release|Any CPU = Release|Any CPU
	EndGlobalSection
	GlobalSection(ProjectConfigurationPlatforms) = postSolution
		{C1FBD537-77B1-49A2-BDE5-84732B224D85}.Debug|Any CPU.ActiveCfg = Debug|Any CPU
		{C1FBD537-77B1-49A2-BDE5-84732B224D85}.Debug|Any CPU.Build.0 = Debug|Any CPU
		{C1FBD537-77B1-49A2-BDE5-84732B224D85}.Release|Any CPU.ActiveCfg = Release|Any CPU
		{C1FBD537-77B1-49A2-BDE5-84732B224D85}.Release|Any CPU.Build.0 = Release|Any CPU
	EndGlobalSection
	GlobalSection(SolutionProperties) = preSolution
		HideSolutionNode = FALSE
	EndGlobalSection
	GlobalSection(ExtensibilityGlobals) = postSolution
		SolutionGuid = {C1557AD4-1848-44C9-8ABD-AE694C7229F2}
	EndGlobalSection
EndGlobal
