
Microsoft Visual Studio Solution File, Format Version 12.00
# Visual Studio Version 17
VisualStudioVersion = 17.1.32210.238
MinimumVisualStudioVersion = 10.0.40219.1
Project("{FAE04EC0-301F-11D3-BF4B-00C04F79EFBC}") = "ArrayList", "ArrayList\ArrayList.csproj", "{C6CF0C15-5427-4466-951C-289C964054E3}"
EndProject
Global
	GlobalSection(SolutionConfigurationPlatforms) = preSolution
		Debug|Any CPU = Debug|Any CPU
		Release|Any CPU = Release|Any CPU
	EndGlobalSection
	GlobalSection(ProjectConfigurationPlatforms) = postSolution
		{C6CF0C15-5427-4466-951C-289C964054E3}.Debug|Any CPU.ActiveCfg = Debug|Any CPU
		{C6CF0C15-5427-4466-951C-289C964054E3}.Debug|Any CPU.Build.0 = Debug|Any CPU
		{C6CF0C15-5427-4466-951C-289C964054E3}.Release|Any CPU.ActiveCfg = Release|Any CPU
		{C6CF0C15-5427-4466-951C-289C964054E3}.Release|Any CPU.Build.0 = Release|Any CPU
	EndGlobalSection
	GlobalSection(SolutionProperties) = preSolution
		HideSolutionNode = FALSE
	EndGlobalSection
	GlobalSection(ExtensibilityGlobals) = postSolution
		SolutionGuid = {3CD58E2D-2FC8-43AE-AF30-6937DC129DF5}
	EndGlobalSection
EndGlobal
